// !$*UTF8*$!
{
	archiveVersion = 1;
	classes = {
	};
	objectVersion = 55;
	objects = {

/* Begin PBXBuildFile section */
		FB0D5ED427E1342300E54216 /* CBUUIDS.swift in Sources */ = {isa = PBXBuildFile; fileRef = FB0D5ED327E1342300E54216 /* CBUUIDS.swift */; };
		FB99F3F027E2293C00A2E7A5 /* SensorData.swift in Sources */ = {isa = PBXBuildFile; fileRef = FB99F3EF27E2293C00A2E7A5 /* SensorData.swift */; };
		FBE9412A27E12F6100165E7F /* AppDelegate.swift in Sources */ = {isa = PBXBuildFile; fileRef = FBE9412927E12F6100165E7F /* AppDelegate.swift */; };
		FBE9412C27E12F6100165E7F /* SceneDelegate.swift in Sources */ = {isa = PBXBuildFile; fileRef = FBE9412B27E12F6100165E7F /* SceneDelegate.swift */; };
		FBE9412E27E12F6100165E7F /* ViewController.swift in Sources */ = {isa = PBXBuildFile; fileRef = FBE9412D27E12F6100165E7F /* ViewController.swift */; };
		FBE9413127E12F6100165E7F /* Main.storyboard in Resources */ = {isa = PBXBuildFile; fileRef = FBE9412F27E12F6100165E7F /* Main.storyboard */; };
		FBE9413327E12F6200165E7F /* Assets.xcassets in Resources */ = {isa = PBXBuildFile; fileRef = FBE9413227E12F6200165E7F /* Assets.xcassets */; };
		FBE9413627E12F6200165E7F /* LaunchScreen.storyboard in Resources */ = {isa = PBXBuildFile; fileRef = FBE9413427E12F6200165E7F /* LaunchScreen.storyboard */; };
/* End PBXBuildFile section */

/* Begin PBXFileReference section */
		FB0D5ED327E1342300E54216 /* CBUUIDS.swift */ = {isa = PBXFileReference; lastKnownFileType = sourcecode.swift; path = CBUUIDS.swift; sourceTree = "<group>"; };
		FB99F3EF27E2293C00A2E7A5 /* SensorData.swift */ = {isa = PBXFileReference; lastKnownFileType = sourcecode.swift; path = SensorData.swift; sourceTree = "<group>"; };
		FBE9412627E12F6100165E7F /* buildr.app */ = {isa = PBXFileReference; explicitFileType = wrapper.application; includeInIndex = 0; path = buildr.app; sourceTree = BUILT_PRODUCTS_DIR; };
		FBE9412927E12F6100165E7F /* AppDelegate.swift */ = {isa = PBXFileReference; lastKnownFileType = sourcecode.swift; path = AppDelegate.swift; sourceTree = "<group>"; };
		FBE9412B27E12F6100165E7F /* SceneDelegate.swift */ = {isa = PBXFileReference; lastKnownFileType = sourcecode.swift; path = SceneDelegate.swift; sourceTree = "<group>"; };
		FBE9412D27E12F6100165E7F /* ViewController.swift */ = {isa = PBXFileReference; lastKnownFileType = sourcecode.swift; path = ViewController.swift; sourceTree = "<group>"; };
		FBE9413027E12F6100165E7F /* Base */ = {isa = PBXFileReference; lastKnownFileType = file.storyboard; name = Base; path = Base.lproj/Main.storyboard; sourceTree = "<group>"; };
		FBE9413227E12F6200165E7F /* Assets.xcassets */ = {isa = PBXFileReference; lastKnownFileType = folder.assetcatalog; path = Assets.xcassets; sourceTree = "<group>"; };
		FBE9413527E12F6200165E7F /* Base */ = {isa = PBXFileReference; lastKnownFileType = file.storyboard; name = Base; path = Base.lproj/LaunchScreen.storyboard; sourceTree = "<group>"; };
		FBE9413727E12F6200165E7F /* Info.plist */ = {isa = PBXFileReference; lastKnownFileType = text.plist.xml; path = Info.plist; sourceTree = "<group>"; };
/* End PBXFileReference section */

/* Begin PBXFrameworksBuildPhase section */
		FBE9412327E12F6100165E7F /* Frameworks */ = {
			isa = PBXFrameworksBuildPhase;
			buildActionMask = 2147483647;
			files = (
			);
			runOnlyForDeploymentPostprocessing = 0;
		};
/* End PBXFrameworksBuildPhase section */

/* Begin PBXGroup section */
		FB99F3ED27E2291200A2E7A5 /* View */ = {
			isa = PBXGroup;
			children = (
				FBE9412D27E12F6100165E7F /* ViewController.swift */,
			);
			path = View;
			sourceTree = "<group>";
		};
		FB99F3EE27E2292600A2E7A5 /* Model */ = {
			isa = PBXGroup;
			children = (
				FB99F3EF27E2293C00A2E7A5 /* SensorData.swift */,
				FB0D5ED327E1342300E54216 /* CBUUIDS.swift */,
			);
			path = Model;
			sourceTree = "<group>";
		};
		FBE9411D27E12F6100165E7F = {
			isa = PBXGroup;
			children = (
				FBE9412827E12F6100165E7F /* buildr */,
				FBE9412727E12F6100165E7F /* Products */,
			);
			sourceTree = "<group>";
		};
		FBE9412727E12F6100165E7F /* Products */ = {
			isa = PBXGroup;
			children = (
				FBE9412627E12F6100165E7F /* buildr.app */,
			);
			name = Products;
			sourceTree = "<group>";
		};
		FBE9412827E12F6100165E7F /* buildr */ = {
			isa = PBXGroup;
			children = (
				FBE9412927E12F6100165E7F /* AppDelegate.swift */,
				FBE9412B27E12F6100165E7F /* SceneDelegate.swift */,
				FB99F3EE27E2292600A2E7A5 /* Model */,
				FB99F3ED27E2291200A2E7A5 /* View */,
				FBE9412F27E12F6100165E7F /* Main.storyboard */,
				FBE9413227E12F6200165E7F /* Assets.xcassets */,
				FBE9413427E12F6200165E7F /* LaunchScreen.storyboard */,
				FBE9413727E12F6200165E7F /* Info.plist */,
			);
			path = buildr;
			sourceTree = "<group>";
		};
/* End PBXGroup section */

/* Begin PBXNativeTarget section */
		FBE9412527E12F6100165E7F /* buildr */ = {
			isa = PBXNativeTarget;
			buildConfigurationList = FBE9413A27E12F6200165E7F /* Build configuration list for PBXNativeTarget "buildr" */;
			buildPhases = (
				FBE9412227E12F6100165E7F /* Sources */,
				FBE9412327E12F6100165E7F /* Frameworks */,
				FBE9412427E12F6100165E7F /* Resources */,
			);
			buildRules = (
			);
			dependencies = (
			);
			name = buildr;
			productName = buildr;
			productReference = FBE9412627E12F6100165E7F /* buildr.app */;
			productType = "com.apple.product-type.application";
		};
/* End PBXNativeTarget section */

/* Begin PBXProject section */
		FBE9411E27E12F6100165E7F /* Project object */ = {
			isa = PBXProject;
			attributes = {
				BuildIndependentTargetsInParallel = 1;
				LastSwiftUpdateCheck = 1320;
				LastUpgradeCheck = 1320;
				TargetAttributes = {
					FBE9412527E12F6100165E7F = {
						CreatedOnToolsVersion = 13.2.1;
					};
				};
			};
			buildConfigurationList = FBE9412127E12F6100165E7F /* Build configuration list for PBXProject "buildr" */;
			compatibilityVersion = "Xcode 13.0";
			developmentRegion = en;
			hasScannedForEncodings = 0;
			knownRegions = (
				en,
				Base,
			);
			mainGroup = FBE9411D27E12F6100165E7F;
			productRefGroup = FBE9412727E12F6100165E7F /* Products */;
			projectDirPath = "";
			projectRoot = "";
			targets = (
				FBE9412527E12F6100165E7F /* buildr */,
			);
		};
/* End PBXProject section */

/* Begin PBXResourcesBuildPhase section */
		FBE9412427E12F6100165E7F /* Resources */ = {
			isa = PBXResourcesBuildPhase;
			buildActionMask = 2147483647;
			files = (
				FBE9413627E12F6200165E7F /* LaunchScreen.storyboard in Resources */,
				FBE9413327E12F6200165E7F /* Assets.xcassets in Resources */,
				FBE9413127E12F6100165E7F /* Main.storyboard in Resources */,
			);
			runOnlyForDeploymentPostprocessing = 0;
		};
/* End PBXResourcesBuildPhase section */

/* Begin PBXSourcesBuildPhase section */
		FBE9412227E12F6100165E7F /* Sources */ = {
			isa = PBXSourcesBuildPhase;
			buildActionMask = 2147483647;
			files = (
				FBE9412E27E12F6100165E7F /* ViewController.swift in Sources */,
				FBE9412A27E12F6100165E7F /* AppDelegate.swift in Sources */,
				FBE9412C27E12F6100165E7F /* SceneDelegate.swift in Sources */,
				FB99F3F027E2293C00A2E7A5 /* SensorData.swift in Sources */,
				FB0D5ED427E1342300E54216 /* CBUUIDS.swift in Sources */,
			);
			runOnlyForDeploymentPostprocessing = 0;
		};
/* End PBXSourcesBuildPhase section */

/* Begin PBXVariantGroup section */
		FBE9412F27E12F6100165E7F /* Main.storyboard */ = {
			isa = PBXVariantGroup;
			children = (
				FBE9413027E12F6100165E7F /* Base */,
			);
			name = Main.storyboard;
			sourceTree = "<group>";
		};
		FBE9413427E12F6200165E7F /* LaunchScreen.storyboard */ = {
			isa = PBXVariantGroup;
			children = (
				FBE9413527E12F6200165E7F /* Base */,
			);
			name = LaunchScreen.storyboard;
			sourceTree = "<group>";
		};
/* End PBXVariantGroup section */

/* Begin XCBuildConfiguration section */
		FBE9413827E12F6200165E7F /* Debug */ = {
			isa = XCBuildConfiguration;
			buildSettings = {
				ALWAYS_SEARCH_USER_PATHS = NO;
				CLANG_ANALYZER_NONNULL = YES;
				CLANG_ANALYZER_NUMBER_OBJECT_CONVERSION = YES_AGGRESSIVE;
				CLANG_CXX_LANGUAGE_STANDARD = "gnu++17";
				CLANG_ENABLE_MODULES = YES;
				CLANG_ENABLE_OBJC_ARC = YES;
				CLANG_ENABLE_OBJC_WEAK = YES;
				CLANG_WARN_BLOCK_CAPTURE_AUTORELEASING = YES;
				CLANG_WARN_BOOL_CONVERSION = YES;
				CLANG_WARN_COMMA = YES;
				CLANG_WARN_CONSTANT_CONVERSION = YES;
				CLANG_WARN_DEPRECATED_OBJC_IMPLEMENTATIONS = YES;
				CLANG_WARN_DIRECT_OBJC_ISA_USAGE = YES_ERROR;
				CLANG_WARN_DOCUMENTATION_COMMENTS = YES;
				CLANG_WARN_EMPTY_BODY = YES;
				CLANG_WARN_ENUM_CONVERSION = YES;
				CLANG_WARN_INFINITE_RECURSION = YES;
				CLANG_WARN_INT_CONVERSION = YES;
				CLANG_WARN_NON_LITERAL_NULL_CONVERSION = YES;
				CLANG_WARN_OBJC_IMPLICIT_RETAIN_SELF = YES;
				CLANG_WARN_OBJC_LITERAL_CONVERSION = YES;
				CLANG_WARN_OBJC_ROOT_CLASS = YES_ERROR;
				CLANG_WARN_QUOTED_INCLUDE_IN_FRAMEWORK_HEADER = YES;
				CLANG_WARN_RANGE_LOOP_ANALYSIS = YES;
				CLANG_WARN_STRICT_PROTOTYPES = YES;
				CLANG_WARN_SUSPICIOUS_MOVE = YES;
				CLANG_WARN_UNGUARDED_AVAILABILITY = YES_AGGRESSIVE;
				CLANG_WARN_UNREACHABLE_CODE = YES;
				CLANG_WARN__DUPLICATE_METHOD_MATCH = YES;
				COPY_PHASE_STRIP = NO;
				DEBUG_INFORMATION_FORMAT = dwarf;
				ENABLE_STRICT_OBJC_MSGSEND = YES;
				ENABLE_TESTABILITY = YES;
				GCC_C_LANGUAGE_STANDARD = gnu11;
				GCC_DYNAMIC_NO_PIC = NO;
				GCC_NO_COMMON_BLOCKS = YES;
				GCC_OPTIMIZATION_LEVEL = 0;
				GCC_PREPROCESSOR_DEFINITIONS = (
					"DEBUG=1",
					"$(inherited)",
				);
				GCC_WARN_64_TO_32_BIT_CONVERSION = YES;
				GCC_WARN_ABOUT_RETURN_TYPE = YES_ERROR;
				GCC_WARN_UNDECLARED_SELECTOR = YES;
				GCC_WARN_UNINITIALIZED_AUTOS = YES_AGGRESSIVE;
				GCC_WARN_UNUSED_FUNCTION = YES;
				GCC_WARN_UNUSED_VARIABLE = YES;
				IPHONEOS_DEPLOYMENT_TARGET = 15.2;
				MTL_ENABLE_DEBUG_INFO = INCLUDE_SOURCE;
				MTL_FAST_MATH = YES;
				ONLY_ACTIVE_ARCH = YES;
				SDKROOT = iphoneos;
				SWIFT_ACTIVE_COMPILATION_CONDITIONS = DEBUG;
				SWIFT_OPTIMIZATION_LEVEL = "-Onone";
			};
			name = Debug;
		};
		FBE9413927E12F6200165E7F /* Release */ = {
			isa = XCBuildConfiguration;
			buildSettings = {
				ALWAYS_SEARCH_USER_PATHS = NO;
				CLANG_ANALYZER_NONNULL = YES;
				CLANG_ANALYZER_NUMBER_OBJECT_CONVERSION = YES_AGGRESSIVE;
				CLANG_CXX_LANGUAGE_STANDARD = "gnu++17";
				CLANG_ENABLE_MODULES = YES;
				CLANG_ENABLE_OBJC_ARC = YES;
				CLANG_ENABLE_OBJC_WEAK = YES;
				CLANG_WARN_BLOCK_CAPTURE_AUTORELEASING = YES;
				CLANG_WARN_BOOL_CONVERSION = YES;
				CLANG_WARN_COMMA = YES;
				CLANG_WARN_CONSTANT_CONVERSION = YES;
				CLANG_WARN_DEPRECATED_OBJC_IMPLEMENTATIONS = YES;
				CLANG_WARN_DIRECT_OBJC_ISA_USAGE = YES_ERROR;
				CLANG_WARN_DOCUMENTATION_COMMENTS = YES;
				CLANG_WARN_EMPTY_BODY = YES;
				CLANG_WARN_ENUM_CONVERSION = YES;
				CLANG_WARN_INFINITE_RECURSION = YES;
				CLANG_WARN_INT_CONVERSION = YES;
				CLANG_WARN_NON_LITERAL_NULL_CONVERSION = YES;
				CLANG_WARN_OBJC_IMPLICIT_RETAIN_SELF = YES;
				CLANG_WARN_OBJC_LITERAL_CONVERSION = YES;
				CLANG_WARN_OBJC_ROOT_CLASS = YES_ERROR;
				CLANG_WARN_QUOTED_INCLUDE_IN_FRAMEWORK_HEADER = YES;
				CLANG_WARN_RANGE_LOOP_ANALYSIS = YES;
				CLANG_WARN_STRICT_PROTOTYPES = YES;
				CLANG_WARN_SUSPICIOUS_MOVE = YES;
				CLANG_WARN_UNGUARDED_AVAILABILITY = YES_AGGRESSIVE;
				CLANG_WARN_UNREACHABLE_CODE = YES;
				CLANG_WARN__DUPLICATE_METHOD_MATCH = YES;
				COPY_PHASE_STRIP = NO;
				DEBUG_INFORMATION_FORMAT = "dwarf-with-dsym";
				ENABLE_NS_ASSERTIONS = NO;
				ENABLE_STRICT_OBJC_MSGSEND = YES;
				GCC_C_LANGUAGE_STANDARD = gnu11;
				GCC_NO_COMMON_BLOCKS = YES;
				GCC_WARN_64_TO_32_BIT_CONVERSION = YES;
				GCC_WARN_ABOUT_RETURN_TYPE = YES_ERROR;
				GCC_WARN_UNDECLARED_SELECTOR = YES;
				GCC_WARN_UNINITIALIZED_AUTOS = YES_AGGRESSIVE;
				GCC_WARN_UNUSED_FUNCTION = YES;
				GCC_WARN_UNUSED_VARIABLE = YES;
				IPHONEOS_DEPLOYMENT_TARGET = 15.2;
				MTL_ENABLE_DEBUG_INFO = NO;
				MTL_FAST_MATH = YES;
				SDKROOT = iphoneos;
				SWIFT_COMPILATION_MODE = wholemodule;
				SWIFT_OPTIMIZATION_LEVEL = "-O";
				VALIDATE_PRODUCT = YES;
			};
			name = Release;
		};
		FBE9413B27E12F6200165E7F /* Debug */ = {
			isa = XCBuildConfiguration;
			buildSettings = {
				ASSETCATALOG_COMPILER_APPICON_NAME = AppIcon;
				ASSETCATALOG_COMPILER_GLOBAL_ACCENT_COLOR_NAME = AccentColor;
				CODE_SIGN_STYLE = Automatic;
				CURRENT_PROJECT_VERSION = 1;
				DEVELOPMENT_TEAM = A2KUJPLV68;
				ENABLE_HARDENED_RUNTIME = YES;
				GENERATE_INFOPLIST_FILE = YES;
				INFOPLIST_FILE = buildr/Info.plist;
				INFOPLIST_KEY_UIApplicationSupportsIndirectInputEvents = YES;
				INFOPLIST_KEY_UILaunchStoryboardName = LaunchScreen;
				INFOPLIST_KEY_UIMainStoryboardFile = Main;
				INFOPLIST_KEY_UISupportedInterfaceOrientations_iPad = "UIInterfaceOrientationPortrait UIInterfaceOrientationPortraitUpsideDown UIInterfaceOrientationLandscapeLeft UIInterfaceOrientationLandscapeRight";
				INFOPLIST_KEY_UISupportedInterfaceOrientations_iPhone = "UIInterfaceOrientationPortrait UIInterfaceOrientationLandscapeLeft UIInterfaceOrientationLandscapeRight";
				LD_RUNPATH_SEARCH_PATHS = (
					"$(inherited)",
					"@executable_path/Frameworks",
				);
				MARKETING_VERSION = 1.0;
				PRODUCT_BUNDLE_IDENTIFIER = edu.umich.eliyazdi.buildr;
				PRODUCT_NAME = "$(TARGET_NAME)";
				SWIFT_EMIT_LOC_STRINGS = YES;
				SWIFT_VERSION = 5.0;
				TARGETED_DEVICE_FAMILY = "1,2";
			};
			name = Debug;
		};
		FBE9413C27E12F6200165E7F /* Release */ = {
			isa = XCBuildConfiguration;
			buildSettings = {
				ASSETCATALOG_COMPILER_APPICON_NAME = AppIcon;
				ASSETCATALOG_COMPILER_GLOBAL_ACCENT_COLOR_NAME = AccentColor;
				CODE_SIGN_STYLE = Automatic;
				CURRENT_PROJECT_VERSION = 1;
				DEVELOPMENT_TEAM = A2KUJPLV68;
				ENABLE_HARDENED_RUNTIME = YES;
				GENERATE_INFOPLIST_FILE = YES;
				INFOPLIST_FILE = buildr/Info.plist;
				INFOPLIST_KEY_UIApplicationSupportsIndirectInputEvents = YES;
				INFOPLIST_KEY_UILaunchStoryboardName = LaunchScreen;
				INFOPLIST_KEY_UIMainStoryboardFile = Main;
				INFOPLIST_KEY_UISupportedInterfaceOrientations_iPad = "UIInterfaceOrientationPortrait UIInterfaceOrientationPortraitUpsideDown UIInterfaceOrientationLandscapeLeft UIInterfaceOrientationLandscapeRight";
				INFOPLIST_KEY_UISupportedInterfaceOrientations_iPhone = "UIInterfaceOrientationPortrait UIInterfaceOrientationLandscapeLeft UIInterfaceOrientationLandscapeRight";
				LD_RUNPATH_SEARCH_PATHS = (
					"$(inherited)",
					"@executable_path/Frameworks",
				);
				MARKETING_VERSION = 1.0;
				PRODUCT_BUNDLE_IDENTIFIER = edu.umich.eliyazdi.buildr;
				PRODUCT_NAME = "$(TARGET_NAME)";
				SWIFT_EMIT_LOC_STRINGS = YES;
				SWIFT_VERSION = 5.0;
				TARGETED_DEVICE_FAMILY = "1,2";
			};
			name = Release;
		};
/* End XCBuildConfiguration section */

/* Begin XCConfigurationList section */
		FBE9412127E12F6100165E7F /* Build configuration list for PBXProject "buildr" */ = {
			isa = XCConfigurationList;
			buildConfigurations = (
				FBE9413827E12F6200165E7F /* Debug */,
				FBE9413927E12F6200165E7F /* Release */,
			);
			defaultConfigurationIsVisible = 0;
			defaultConfigurationName = Release;
		};
		FBE9413A27E12F6200165E7F /* Build configuration list for PBXNativeTarget "buildr" */ = {
			isa = XCConfigurationList;
			buildConfigurations = (
				FBE9413B27E12F6200165E7F /* Debug */,
				FBE9413C27E12F6200165E7F /* Release */,
			);
			defaultConfigurationIsVisible = 0;
			defaultConfigurationName = Release;
		};
/* End XCConfigurationList section */
	};
	rootObject = FBE9411E27E12F6100165E7F /* Project object */;
}
